
Microsoft Visual Studio Solution File, Format Version 12.00
# Visual Studio Version 17
VisualStudioVersion = 17.9.34607.119
MinimumVisualStudioVersion = 10.0.40219.1
Project("{FAE04EC0-301F-11D3-BF4B-00C04F79EFBC}") = "Server Application", "Server Application\Server Application.csproj", "{FE0130E2-B6AB-432F-84B5-6BBAE7E7A5BB}"
EndProject
Global
	GlobalSection(SolutionConfigurationPlatforms) = preSolution
		Debug|Any CPU = Debug|Any CPU
		Release|Any CPU = Release|Any CPU
	EndGlobalSection
	GlobalSection(ProjectConfigurationPlatforms) = postSolution
		{FE0130E2-B6AB-432F-84B5-6BBAE7E7A5BB}.Debug|Any CPU.ActiveCfg = Debug|Any CPU
		{FE0130E2-B6AB-432F-84B5-6BBAE7E7A5BB}.Debug|Any CPU.Build.0 = Debug|Any CPU
		{FE0130E2-B6AB-432F-84B5-6BBAE7E7A5BB}.Release|Any CPU.ActiveCfg = Release|Any CPU
		{FE0130E2-B6AB-432F-84B5-6BBAE7E7A5BB}.Release|Any CPU.Build.0 = Release|Any CPU
	EndGlobalSection
	GlobalSection(SolutionProperties) = preSolution
		HideSolutionNode = FALSE
	EndGlobalSection
	GlobalSection(ExtensibilityGlobals) = postSolution
		SolutionGuid = {483B408A-00FD-451B-A836-DA8676A8364A}
	EndGlobalSection
EndGlobal
